// !$*UTF8*$!
{
	archiveVersion = 1;
	classes = {
	};
	objectVersion = 56;
	objects = {

/* Begin PBXBuildFile section */
		BD6114012A83EC85005D875F /* StemStarsApp.swift in Sources */ = {isa = PBXBuildFile; fileRef = BD6114002A83EC85005D875F /* StemStarsApp.swift */; };
		BD6114032A83EC85005D875F /* ContentView.swift in Sources */ = {isa = PBXBuildFile; fileRef = BD6114022A83EC85005D875F /* ContentView.swift */; };
		BD6114052A83EC87005D875F /* Assets.xcassets in Resources */ = {isa = PBXBuildFile; fileRef = BD6114042A83EC87005D875F /* Assets.xcassets */; };
		BD6114082A83EC87005D875F /* Preview Assets.xcassets in Resources */ = {isa = PBXBuildFile; fileRef = BD6114072A83EC87005D875F /* Preview Assets.xcassets */; };
		BD6114122A83EC87005D875F /* StemStarsTests.swift in Sources */ = {isa = PBXBuildFile; fileRef = BD6114112A83EC87005D875F /* StemStarsTests.swift */; };
		BD61141C2A83EC87005D875F /* StemStarsUITests.swift in Sources */ = {isa = PBXBuildFile; fileRef = BD61141B2A83EC87005D875F /* StemStarsUITests.swift */; };
		BD61141E2A83EC87005D875F /* StemStarsUITestsLaunchTests.swift in Sources */ = {isa = PBXBuildFile; fileRef = BD61141D2A83EC87005D875F /* StemStarsUITestsLaunchTests.swift */; };
/* End PBXBuildFile section */

/* Begin PBXContainerItemProxy section */
		BD61140E2A83EC87005D875F /* PBXContainerItemProxy */ = {
			isa = PBXContainerItemProxy;
			containerPortal = BD6113F52A83EC85005D875F /* Project object */;
			proxyType = 1;
			remoteGlobalIDString = BD6113FC2A83EC85005D875F;
			remoteInfo = StemStars;
		};
		BD6114182A83EC87005D875F /* PBXContainerItemProxy */ = {
			isa = PBXContainerItemProxy;
			containerPortal = BD6113F52A83EC85005D875F /* Project object */;
			proxyType = 1;
			remoteGlobalIDString = BD6113FC2A83EC85005D875F;
			remoteInfo = StemStars;
		};
/* End PBXContainerItemProxy section */

/* Begin PBXFileReference section */
		BD6113FD2A83EC85005D875F /* StemStars.app */ = {isa = PBXFileReference; explicitFileType = wrapper.application; includeInIndex = 0; path = StemStars.app; sourceTree = BUILT_PRODUCTS_DIR; };
		BD6114002A83EC85005D875F /* StemStarsApp.swift */ = {isa = PBXFileReference; lastKnownFileType = sourcecode.swift; path = StemStarsApp.swift; sourceTree = "<group>"; };
		BD6114022A83EC85005D875F /* ContentView.swift */ = {isa = PBXFileReference; lastKnownFileType = sourcecode.swift; path = ContentView.swift; sourceTree = "<group>"; };
		BD6114042A83EC87005D875F /* Assets.xcassets */ = {isa = PBXFileReference; lastKnownFileType = folder.assetcatalog; path = Assets.xcassets; sourceTree = "<group>"; };
		BD6114072A83EC87005D875F /* Preview Assets.xcassets */ = {isa = PBXFileReference; lastKnownFileType = folder.assetcatalog; path = "Preview Assets.xcassets"; sourceTree = "<group>"; };
		BD61140D2A83EC87005D875F /* StemStarsTests.xctest */ = {isa = PBXFileReference; explicitFileType = wrapper.cfbundle; includeInIndex = 0; path = StemStarsTests.xctest; sourceTree = BUILT_PRODUCTS_DIR; };
		BD6114112A83EC87005D875F /* StemStarsTests.swift */ = {isa = PBXFileReference; lastKnownFileType = sourcecode.swift; path = StemStarsTests.swift; sourceTree = "<group>"; };
		BD6114172A83EC87005D875F /* StemStarsUITests.xctest */ = {isa = PBXFileReference; explicitFileType = wrapper.cfbundle; includeInIndex = 0; path = StemStarsUITests.xctest; sourceTree = BUILT_PRODUCTS_DIR; };
		BD61141B2A83EC87005D875F /* StemStarsUITests.swift */ = {isa = PBXFileReference; lastKnownFileType = sourcecode.swift; path = StemStarsUITests.swift; sourceTree = "<group>"; };
		BD61141D2A83EC87005D875F /* StemStarsUITestsLaunchTests.swift */ = {isa = PBXFileReference; lastKnownFileType = sourcecode.swift; path = StemStarsUITestsLaunchTests.swift; sourceTree = "<group>"; };
/* End PBXFileReference section */

/* Begin PBXFrameworksBuildPhase section */
		BD6113FA2A83EC85005D875F /* Frameworks */ = {
			isa = PBXFrameworksBuildPhase;
			buildActionMask = 2147483647;
			files = (
			);
			runOnlyForDeploymentPostprocessing = 0;
		};
		BD61140A2A83EC87005D875F /* Frameworks */ = {
			isa = PBXFrameworksBuildPhase;
			buildActionMask = 2147483647;
			files = (
			);
			runOnlyForDeploymentPostprocessing = 0;
		};
		BD6114142A83EC87005D875F /* Frameworks */ = {
			isa = PBXFrameworksBuildPhase;
			buildActionMask = 2147483647;
			files = (
			);
			runOnlyForDeploymentPostprocessing = 0;
		};
/* End PBXFrameworksBuildPhase section */

/* Begin PBXGroup section */
		BD6113F42A83EC85005D875F = {
			isa = PBXGroup;
			children = (
				BD6113FF2A83EC85005D875F /* StemStars */,
				BD6114102A83EC87005D875F /* StemStarsTests */,
				BD61141A2A83EC87005D875F /* StemStarsUITests */,
				BD6113FE2A83EC85005D875F /* Products */,
			);
			sourceTree = "<group>";
		};
		BD6113FE2A83EC85005D875F /* Products */ = {
			isa = PBXGroup;
			children = (
				BD6113FD2A83EC85005D875F /* StemStars.app */,
				BD61140D2A83EC87005D875F /* StemStarsTests.xctest */,
				BD6114172A83EC87005D875F /* StemStarsUITests.xctest */,
			);
			name = Products;
			sourceTree = "<group>";
		};
		BD6113FF2A83EC85005D875F /* StemStars */ = {
			isa = PBXGroup;
			children = (
				BD6114002A83EC85005D875F /* StemStarsApp.swift */,
				BD6114022A83EC85005D875F /* ContentView.swift */,
				BD6114042A83EC87005D875F /* Assets.xcassets */,
				BD6114062A83EC87005D875F /* Preview Content */,
			);
			path = StemStars;
			sourceTree = "<group>";
		};
		BD6114062A83EC87005D875F /* Preview Content */ = {
			isa = PBXGroup;
			children = (
				BD6114072A83EC87005D875F /* Preview Assets.xcassets */,
			);
			path = "Preview Content";
			sourceTree = "<group>";
		};
		BD6114102A83EC87005D875F /* StemStarsTests */ = {
			isa = PBXGroup;
			children = (
				BD6114112A83EC87005D875F /* StemStarsTests.swift */,
			);
			path = StemStarsTests;
			sourceTree = "<group>";
		};
		BD61141A2A83EC87005D875F /* StemStarsUITests */ = {
			isa = PBXGroup;
			children = (
				BD61141B2A83EC87005D875F /* StemStarsUITests.swift */,
				BD61141D2A83EC87005D875F /* StemStarsUITestsLaunchTests.swift */,
			);
			path = StemStarsUITests;
			sourceTree = "<group>";
		};
/* End PBXGroup section */

/* Begin PBXNativeTarget section */
		BD6113FC2A83EC85005D875F /* StemStars */ = {
			isa = PBXNativeTarget;
			buildConfigurationList = BD6114212A83EC87005D875F /* Build configuration list for PBXNativeTarget "StemStars" */;
			buildPhases = (
				BD6113F92A83EC85005D875F /* Sources */,
				BD6113FA2A83EC85005D875F /* Frameworks */,
				BD6113FB2A83EC85005D875F /* Resources */,
			);
			buildRules = (
			);
			dependencies = (
			);
			name = StemStars;
			productName = StemStars;
			productReference = BD6113FD2A83EC85005D875F /* StemStars.app */;
			productType = "com.apple.product-type.application";
		};
		BD61140C2A83EC87005D875F /* StemStarsTests */ = {
			isa = PBXNativeTarget;
			buildConfigurationList = BD6114242A83EC87005D875F /* Build configuration list for PBXNativeTarget "StemStarsTests" */;
			buildPhases = (
				BD6114092A83EC87005D875F /* Sources */,
				BD61140A2A83EC87005D875F /* Frameworks */,
				BD61140B2A83EC87005D875F /* Resources */,
			);
			buildRules = (
			);
			dependencies = (
				BD61140F2A83EC87005D875F /* PBXTargetDependency */,
			);
			name = StemStarsTests;
			productName = StemStarsTests;
			productReference = BD61140D2A83EC87005D875F /* StemStarsTests.xctest */;
			productType = "com.apple.product-type.bundle.unit-test";
		};
		BD6114162A83EC87005D875F /* StemStarsUITests */ = {
			isa = PBXNativeTarget;
			buildConfigurationList = BD6114272A83EC87005D875F /* Build configuration list for PBXNativeTarget "StemStarsUITests" */;
			buildPhases = (
				BD6114132A83EC87005D875F /* Sources */,
				BD6114142A83EC87005D875F /* Frameworks */,
				BD6114152A83EC87005D875F /* Resources */,
			);
			buildRules = (
			);
			dependencies = (
				BD6114192A83EC87005D875F /* PBXTargetDependency */,
			);
			name = StemStarsUITests;
			productName = StemStarsUITests;
			productReference = BD6114172A83EC87005D875F /* StemStarsUITests.xctest */;
			productType = "com.apple.product-type.bundle.ui-testing";
		};
/* End PBXNativeTarget section */

/* Begin PBXProject section */
		BD6113F52A83EC85005D875F /* Project object */ = {
			isa = PBXProject;
			attributes = {
				BuildIndependentTargetsInParallel = 1;
				LastSwiftUpdateCheck = 1430;
				LastUpgradeCheck = 1430;
				TargetAttributes = {
					BD6113FC2A83EC85005D875F = {
						CreatedOnToolsVersion = 14.3.1;
					};
					BD61140C2A83EC87005D875F = {
						CreatedOnToolsVersion = 14.3.1;
						TestTargetID = BD6113FC2A83EC85005D875F;
					};
					BD6114162A83EC87005D875F = {
						CreatedOnToolsVersion = 14.3.1;
						TestTargetID = BD6113FC2A83EC85005D875F;
					};
				};
			};
			buildConfigurationList = BD6113F82A83EC85005D875F /* Build configuration list for PBXProject "StemStars" */;
			compatibilityVersion = "Xcode 14.0";
			developmentRegion = en;
			hasScannedForEncodings = 0;
			knownRegions = (
				en,
				Base,
			);
			mainGroup = BD6113F42A83EC85005D875F;
			productRefGroup = BD6113FE2A83EC85005D875F /* Products */;
			projectDirPath = "";
			projectRoot = "";
			targets = (
				BD6113FC2A83EC85005D875F /* StemStars */,
				BD61140C2A83EC87005D875F /* StemStarsTests */,
				BD6114162A83EC87005D875F /* StemStarsUITests */,
			);
		};
/* End PBXProject section */

/* Begin PBXResourcesBuildPhase section */
		BD6113FB2A83EC85005D875F /* Resources */ = {
			isa = PBXResourcesBuildPhase;
			buildActionMask = 2147483647;
			files = (
				BD6114082A83EC87005D875F /* Preview Assets.xcassets in Resources */,
				BD6114052A83EC87005D875F /* Assets.xcassets in Resources */,
			);
			runOnlyForDeploymentPostprocessing = 0;
		};
		BD61140B2A83EC87005D875F /* Resources */ = {
			isa = PBXResourcesBuildPhase;
			buildActionMask = 2147483647;
			files = (
			);
			runOnlyForDeploymentPostprocessing = 0;
		};
		BD6114152A83EC87005D875F /* Resources */ = {
			isa = PBXResourcesBuildPhase;
			buildActionMask = 2147483647;
			files = (
			);
			runOnlyForDeploymentPostprocessing = 0;
		};
/* End PBXResourcesBuildPhase section */

/* Begin PBXSourcesBuildPhase section */
		BD6113F92A83EC85005D875F /* Sources */ = {
			isa = PBXSourcesBuildPhase;
			buildActionMask = 2147483647;
			files = (
				BD6114032A83EC85005D875F /* ContentView.swift in Sources */,
				BD6114012A83EC85005D875F /* StemStarsApp.swift in Sources */,
			);
			runOnlyForDeploymentPostprocessing = 0;
		};
		BD6114092A83EC87005D875F /* Sources */ = {
			isa = PBXSourcesBuildPhase;
			buildActionMask = 2147483647;
			files = (
				BD6114122A83EC87005D875F /* StemStarsTests.swift in Sources */,
			);
			runOnlyForDeploymentPostprocessing = 0;
		};
		BD6114132A83EC87005D875F /* Sources */ = {
			isa = PBXSourcesBuildPhase;
			buildActionMask = 2147483647;
			files = (
				BD61141C2A83EC87005D875F /* StemStarsUITests.swift in Sources */,
				BD61141E2A83EC87005D875F /* StemStarsUITestsLaunchTests.swift in Sources */,
			);
			runOnlyForDeploymentPostprocessing = 0;
		};
/* End PBXSourcesBuildPhase section */

/* Begin PBXTargetDependency section */
		BD61140F2A83EC87005D875F /* PBXTargetDependency */ = {
			isa = PBXTargetDependency;
			target = BD6113FC2A83EC85005D875F /* StemStars */;
			targetProxy = BD61140E2A83EC87005D875F /* PBXContainerItemProxy */;
		};
		BD6114192A83EC87005D875F /* PBXTargetDependency */ = {
			isa = PBXTargetDependency;
			target = BD6113FC2A83EC85005D875F /* StemStars */;
			targetProxy = BD6114182A83EC87005D875F /* PBXContainerItemProxy */;
		};
/* End PBXTargetDependency section */

/* Begin XCBuildConfiguration section */
		BD61141F2A83EC87005D875F /* Debug */ = {
			isa = XCBuildConfiguration;
			buildSettings = {
				ALWAYS_SEARCH_USER_PATHS = NO;
				CLANG_ANALYZER_NONNULL = YES;
				CLANG_ANALYZER_NUMBER_OBJECT_CONVERSION = YES_AGGRESSIVE;
				CLANG_CXX_LANGUAGE_STANDARD = "gnu++20";
				CLANG_ENABLE_MODULES = YES;
				CLANG_ENABLE_OBJC_ARC = YES;
				CLANG_ENABLE_OBJC_WEAK = YES;
				CLANG_WARN_BLOCK_CAPTURE_AUTORELEASING = YES;
				CLANG_WARN_BOOL_CONVERSION = YES;
				CLANG_WARN_COMMA = YES;
				CLANG_WARN_CONSTANT_CONVERSION = YES;
				CLANG_WARN_DEPRECATED_OBJC_IMPLEMENTATIONS = YES;
				CLANG_WARN_DIRECT_OBJC_ISA_USAGE = YES_ERROR;
				CLANG_WARN_DOCUMENTATION_COMMENTS = YES;
				CLANG_WARN_EMPTY_BODY = YES;
				CLANG_WARN_ENUM_CONVERSION = YES;
				CLANG_WARN_INFINITE_RECURSION = YES;
				CLANG_WARN_INT_CONVERSION = YES;
				CLANG_WARN_NON_LITERAL_NULL_CONVERSION = YES;
				CLANG_WARN_OBJC_IMPLICIT_RETAIN_SELF = YES;
				CLANG_WARN_OBJC_LITERAL_CONVERSION = YES;
				CLANG_WARN_OBJC_ROOT_CLASS = YES_ERROR;
				CLANG_WARN_QUOTED_INCLUDE_IN_FRAMEWORK_HEADER = YES;
				CLANG_WARN_RANGE_LOOP_ANALYSIS = YES;
				CLANG_WARN_STRICT_PROTOTYPES = YES;
				CLANG_WARN_SUSPICIOUS_MOVE = YES;
				CLANG_WARN_UNGUARDED_AVAILABILITY = YES_AGGRESSIVE;
				CLANG_WARN_UNREACHABLE_CODE = YES;
				CLANG_WARN__DUPLICATE_METHOD_MATCH = YES;
				COPY_PHASE_STRIP = NO;
				DEBUG_INFORMATION_FORMAT = dwarf;
				ENABLE_STRICT_OBJC_MSGSEND = YES;
				ENABLE_TESTABILITY = YES;
				GCC_C_LANGUAGE_STANDARD = gnu11;
				GCC_DYNAMIC_NO_PIC = NO;
				GCC_NO_COMMON_BLOCKS = YES;
				GCC_OPTIMIZATION_LEVEL = 0;
				GCC_PREPROCESSOR_DEFINITIONS = (
					"DEBUG=1",
					"$(inherited)",
				);
				GCC_WARN_64_TO_32_BIT_CONVERSION = YES;
				GCC_WARN_ABOUT_RETURN_TYPE = YES_ERROR;
				GCC_WARN_UNDECLARED_SELECTOR = YES;
				GCC_WARN_UNINITIALIZED_AUTOS = YES_AGGRESSIVE;
				GCC_WARN_UNUSED_FUNCTION = YES;
				GCC_WARN_UNUSED_VARIABLE = YES;
				IPHONEOS_DEPLOYMENT_TARGET = 16.4;
				MTL_ENABLE_DEBUG_INFO = INCLUDE_SOURCE;
				MTL_FAST_MATH = YES;
				ONLY_ACTIVE_ARCH = YES;
				SDKROOT = iphoneos;
				SWIFT_ACTIVE_COMPILATION_CONDITIONS = DEBUG;
				SWIFT_OPTIMIZATION_LEVEL = "-Onone";
			};
			name = Debug;
		};
		BD6114202A83EC87005D875F /* Release */ = {
			isa = XCBuildConfiguration;
			buildSettings = {
				ALWAYS_SEARCH_USER_PATHS = NO;
				CLANG_ANALYZER_NONNULL = YES;
				CLANG_ANALYZER_NUMBER_OBJECT_CONVERSION = YES_AGGRESSIVE;
				CLANG_CXX_LANGUAGE_STANDARD = "gnu++20";
				CLANG_ENABLE_MODULES = YES;
				CLANG_ENABLE_OBJC_ARC = YES;
				CLANG_ENABLE_OBJC_WEAK = YES;
				CLANG_WARN_BLOCK_CAPTURE_AUTORELEASING = YES;
				CLANG_WARN_BOOL_CONVERSION = YES;
				CLANG_WARN_COMMA = YES;
				CLANG_WARN_CONSTANT_CONVERSION = YES;
				CLANG_WARN_DEPRECATED_OBJC_IMPLEMENTATIONS = YES;
				CLANG_WARN_DIRECT_OBJC_ISA_USAGE = YES_ERROR;
				CLANG_WARN_DOCUMENTATION_COMMENTS = YES;
				CLANG_WARN_EMPTY_BODY = YES;
				CLANG_WARN_ENUM_CONVERSION = YES;
				CLANG_WARN_INFINITE_RECURSION = YES;
				CLANG_WARN_INT_CONVERSION = YES;
				CLANG_WARN_NON_LITERAL_NULL_CONVERSION = YES;
				CLANG_WARN_OBJC_IMPLICIT_RETAIN_SELF = YES;
				CLANG_WARN_OBJC_LITERAL_CONVERSION = YES;
				CLANG_WARN_OBJC_ROOT_CLASS = YES_ERROR;
				CLANG_WARN_QUOTED_INCLUDE_IN_FRAMEWORK_HEADER = YES;
				CLANG_WARN_RANGE_LOOP_ANALYSIS = YES;
				CLANG_WARN_STRICT_PROTOTYPES = YES;
				CLANG_WARN_SUSPICIOUS_MOVE = YES;
				CLANG_WARN_UNGUARDED_AVAILABILITY = YES_AGGRESSIVE;
				CLANG_WARN_UNREACHABLE_CODE = YES;
				CLANG_WARN__DUPLICATE_METHOD_MATCH = YES;
				COPY_PHASE_STRIP = NO;
				DEBUG_INFORMATION_FORMAT = "dwarf-with-dsym";
				ENABLE_NS_ASSERTIONS = NO;
				ENABLE_STRICT_OBJC_MSGSEND = YES;
				GCC_C_LANGUAGE_STANDARD = gnu11;
				GCC_NO_COMMON_BLOCKS = YES;
				GCC_WARN_64_TO_32_BIT_CONVERSION = YES;
				GCC_WARN_ABOUT_RETURN_TYPE = YES_ERROR;
				GCC_WARN_UNDECLARED_SELECTOR = YES;
				GCC_WARN_UNINITIALIZED_AUTOS = YES_AGGRESSIVE;
				GCC_WARN_UNUSED_FUNCTION = YES;
				GCC_WARN_UNUSED_VARIABLE = YES;
				IPHONEOS_DEPLOYMENT_TARGET = 16.4;
				MTL_ENABLE_DEBUG_INFO = NO;
				MTL_FAST_MATH = YES;
				SDKROOT = iphoneos;
				SWIFT_COMPILATION_MODE = wholemodule;
				SWIFT_OPTIMIZATION_LEVEL = "-O";
				VALIDATE_PRODUCT = YES;
			};
			name = Release;
		};
		BD6114222A83EC87005D875F /* Debug */ = {
			isa = XCBuildConfiguration;
			buildSettings = {
				ASSETCATALOG_COMPILER_APPICON_NAME = AppIcon;
				ASSETCATALOG_COMPILER_GLOBAL_ACCENT_COLOR_NAME = AccentColor;
				CODE_SIGN_STYLE = Automatic;
				CURRENT_PROJECT_VERSION = 1;
				DEVELOPMENT_ASSET_PATHS = "\"StemStars/Preview Content\"";
				ENABLE_PREVIEWS = YES;
				GENERATE_INFOPLIST_FILE = YES;
				INFOPLIST_KEY_UIApplicationSceneManifest_Generation = YES;
				INFOPLIST_KEY_UIApplicationSupportsIndirectInputEvents = YES;
				INFOPLIST_KEY_UILaunchScreen_Generation = YES;
				INFOPLIST_KEY_UISupportedInterfaceOrientations_iPad = "UIInterfaceOrientationPortrait UIInterfaceOrientationPortraitUpsideDown UIInterfaceOrientationLandscapeLeft UIInterfaceOrientationLandscapeRight";
				INFOPLIST_KEY_UISupportedInterfaceOrientations_iPhone = "UIInterfaceOrientationPortrait UIInterfaceOrientationLandscapeLeft UIInterfaceOrientationLandscapeRight";
				LD_RUNPATH_SEARCH_PATHS = (
					"$(inherited)",
					"@executable_path/Frameworks",
				);
				MARKETING_VERSION = 1.0;
				PRODUCT_BUNDLE_IDENTIFIER = kwk.StemStars;
				PRODUCT_NAME = "$(TARGET_NAME)";
				SWIFT_EMIT_LOC_STRINGS = YES;
				SWIFT_VERSION = 5.0;
				TARGETED_DEVICE_FAMILY = "1,2";
			};
			name = Debug;
		};
		BD6114232A83EC87005D875F /* Release */ = {
			isa = XCBuildConfiguration;
			buildSettings = {
				ASSETCATALOG_COMPILER_APPICON_NAME = AppIcon;
				ASSETCATALOG_COMPILER_GLOBAL_ACCENT_COLOR_NAME = AccentColor;
				CODE_SIGN_STYLE = Automatic;
				CURRENT_PROJECT_VERSION = 1;
				DEVELOPMENT_ASSET_PATHS = "\"StemStars/Preview Content\"";
				ENABLE_PREVIEWS = YES;
				GENERATE_INFOPLIST_FILE = YES;
				INFOPLIST_KEY_UIApplicationSceneManifest_Generation = YES;
				INFOPLIST_KEY_UIApplicationSupportsIndirectInputEvents = YES;
				INFOPLIST_KEY_UILaunchScreen_Generation = YES;
				INFOPLIST_KEY_UISupportedInterfaceOrientations_iPad = "UIInterfaceOrientationPortrait UIInterfaceOrientationPortraitUpsideDown UIInterfaceOrientationLandscapeLeft UIInterfaceOrientationLandscapeRight";
				INFOPLIST_KEY_UISupportedInterfaceOrientations_iPhone = "UIInterfaceOrientationPortrait UIInterfaceOrientationLandscapeLeft UIInterfaceOrientationLandscapeRight";
				LD_RUNPATH_SEARCH_PATHS = (
					"$(inherited)",
					"@executable_path/Frameworks",
				);
				MARKETING_VERSION = 1.0;
				PRODUCT_BUNDLE_IDENTIFIER = kwk.StemStars;
				PRODUCT_NAME = "$(TARGET_NAME)";
				SWIFT_EMIT_LOC_STRINGS = YES;
				SWIFT_VERSION = 5.0;
				TARGETED_DEVICE_FAMILY = "1,2";
			};
			name = Release;
		};
		BD6114252A83EC87005D875F /* Debug */ = {
			isa = XCBuildConfiguration;
			buildSettings = {
				ALWAYS_EMBED_SWIFT_STANDARD_LIBRARIES = YES;
				BUNDLE_LOADER = "$(TEST_HOST)";
				CODE_SIGN_STYLE = Automatic;
				CURRENT_PROJECT_VERSION = 1;
				GENERATE_INFOPLIST_FILE = YES;
				IPHONEOS_DEPLOYMENT_TARGET = 16.4;
				MARKETING_VERSION = 1.0;
				PRODUCT_BUNDLE_IDENTIFIER = kwk.StemStarsTests;
				PRODUCT_NAME = "$(TARGET_NAME)";
				SWIFT_EMIT_LOC_STRINGS = NO;
				SWIFT_VERSION = 5.0;
				TARGETED_DEVICE_FAMILY = "1,2";
				TEST_HOST = "$(BUILT_PRODUCTS_DIR)/StemStars.app/$(BUNDLE_EXECUTABLE_FOLDER_PATH)/StemStars";
			};
			name = Debug;
		};
		BD6114262A83EC87005D875F /* Release */ = {
			isa = XCBuildConfiguration;
			buildSettings = {
				ALWAYS_EMBED_SWIFT_STANDARD_LIBRARIES = YES;
				BUNDLE_LOADER = "$(TEST_HOST)";
				CODE_SIGN_STYLE = Automatic;
				CURRENT_PROJECT_VERSION = 1;
				GENERATE_INFOPLIST_FILE = YES;
				IPHONEOS_DEPLOYMENT_TARGET = 16.4;
				MARKETING_VERSION = 1.0;
				PRODUCT_BUNDLE_IDENTIFIER = kwk.StemStarsTests;
				PRODUCT_NAME = "$(TARGET_NAME)";
				SWIFT_EMIT_LOC_STRINGS = NO;
				SWIFT_VERSION = 5.0;
				TARGETED_DEVICE_FAMILY = "1,2";
				TEST_HOST = "$(BUILT_PRODUCTS_DIR)/StemStars.app/$(BUNDLE_EXECUTABLE_FOLDER_PATH)/StemStars";
			};
			name = Release;
		};
		BD6114282A83EC87005D875F /* Debug */ = {
			isa = XCBuildConfiguration;
			buildSettings = {
				ALWAYS_EMBED_SWIFT_STANDARD_LIBRARIES = YES;
				CODE_SIGN_STYLE = Automatic;
				CURRENT_PROJECT_VERSION = 1;
				GENERATE_INFOPLIST_FILE = YES;
				MARKETING_VERSION = 1.0;
				PRODUCT_BUNDLE_IDENTIFIER = kwk.StemStarsUITests;
				PRODUCT_NAME = "$(TARGET_NAME)";
				SWIFT_EMIT_LOC_STRINGS = NO;
				SWIFT_VERSION = 5.0;
				TARGETED_DEVICE_FAMILY = "1,2";
				TEST_TARGET_NAME = StemStars;
			};
			name = Debug;
		};
		BD6114292A83EC87005D875F /* Release */ = {
			isa = XCBuildConfiguration;
			buildSettings = {
				ALWAYS_EMBED_SWIFT_STANDARD_LIBRARIES = YES;
				CODE_SIGN_STYLE = Automatic;
				CURRENT_PROJECT_VERSION = 1;
				GENERATE_INFOPLIST_FILE = YES;
				MARKETING_VERSION = 1.0;
				PRODUCT_BUNDLE_IDENTIFIER = kwk.StemStarsUITests;
				PRODUCT_NAME = "$(TARGET_NAME)";
				SWIFT_EMIT_LOC_STRINGS = NO;
				SWIFT_VERSION = 5.0;
				TARGETED_DEVICE_FAMILY = "1,2";
				TEST_TARGET_NAME = StemStars;
			};
			name = Release;
		};
/* End XCBuildConfiguration section */

/* Begin XCConfigurationList section */
		BD6113F82A83EC85005D875F /* Build configuration list for PBXProject "StemStars" */ = {
			isa = XCConfigurationList;
			buildConfigurations = (
				BD61141F2A83EC87005D875F /* Debug */,
				BD6114202A83EC87005D875F /* Release */,
			);
			defaultConfigurationIsVisible = 0;
			defaultConfigurationName = Release;
		};
		BD6114212A83EC87005D875F /* Build configuration list for PBXNativeTarget "StemStars" */ = {
			isa = XCConfigurationList;
			buildConfigurations = (
				BD6114222A83EC87005D875F /* Debug */,
				BD6114232A83EC87005D875F /* Release */,
			);
			defaultConfigurationIsVisible = 0;
			defaultConfigurationName = Release;
		};
		BD6114242A83EC87005D875F /* Build configuration list for PBXNativeTarget "StemStarsTests" */ = {
			isa = XCConfigurationList;
			buildConfigurations = (
				BD6114252A83EC87005D875F /* Debug */,
				BD6114262A83EC87005D875F /* Release */,
			);
			defaultConfigurationIsVisible = 0;
			defaultConfigurationName = Release;
		};
		BD6114272A83EC87005D875F /* Build configuration list for PBXNativeTarget "StemStarsUITests" */ = {
			isa = XCConfigurationList;
			buildConfigurations = (
				BD6114282A83EC87005D875F /* Debug */,
				BD6114292A83EC87005D875F /* Release */,
			);
			defaultConfigurationIsVisible = 0;
			defaultConfigurationName = Release;
		};
/* End XCConfigurationList section */
	};
	rootObject = BD6113F52A83EC85005D875F /* Project object */;
}
